
Microsoft Visual Studio Solution File, Format Version 12.00
# Visual Studio Version 17
VisualStudioVersion = 17.5.002.0
MinimumVisualStudioVersion = 10.0.40219.1
Project("{2150E333-8FDC-42A3-9474-1A3956D46DE8}") = "csharp-prep", "csharp-prep", "{C6FF148F-58C1-403A-8C48-82869CB88D92}"
EndProject
Project("{9A19103F-16F7-4668-BE54-9A1E7A4F7556}") = "Prep1", "csharp-prep\Prep1\Prep1.csproj", "{7E7E9E8E-77FF-4479-B631-4AE2D0E0568A}"
EndProject
Project("{9A19103F-16F7-4668-BE54-9A1E7A4F7556}") = "Prep2", "csharp-prep\Prep2\Prep2.csproj", "{BA832956-C283-4C4B-B055-A5818F2CB520}"
EndProject
Project("{9A19103F-16F7-4668-BE54-9A1E7A4F7556}") = "Prep3", "csharp-prep\Prep3\Prep3.csproj", "{280371EF-D4DC-458B-A480-818805755D66}"
EndProject
Project("{9A19103F-16F7-4668-BE54-9A1E7A4F7556}") = "Prep4", "csharp-prep\Prep4\Prep4.csproj", "{9554B4BA-5246-4E0B-BEC6-567753D785C7}"
EndProject
Project("{9A19103F-16F7-4668-BE54-9A1E7A4F7556}") = "Prep5", "csharp-prep\Prep5\Prep5.csproj", "{8125E84B-C351-4C64-B810-9A760E4AC4A8}"
EndProject
Project("{2150E333-8FDC-42A3-9474-1A3956D46DE8}") = "final", "final", "{92BF59F0-207E-4169-89D8-2180809B7C9A}"
EndProject
Project("{9A19103F-16F7-4668-BE54-9A1E7A4F7556}") = "FinalProject", "final\FinalProject\FinalProject.csproj", "{E7995050-0DD5-49DE-830A-A44E62246B8A}"
EndProject
Project("{9A19103F-16F7-4668-BE54-9A1E7A4F7556}") = "Foundation1", "final\Foundation1\Foundation1.csproj", "{3A563D33-287B-4930-8528-969220C114F0}"
EndProject
Project("{9A19103F-16F7-4668-BE54-9A1E7A4F7556}") = "Foundation2", "final\Foundation2\Foundation2.csproj", "{AFE6BF1D-F0E3-47ED-A509-D53028827015}"
EndProject
Project("{9A19103F-16F7-4668-BE54-9A1E7A4F7556}") = "Foundation3", "final\Foundation3\Foundation3.csproj", "{256D30B6-BEBF-42D5-861F-C48153F9BA37}"
EndProject
Project("{9A19103F-16F7-4668-BE54-9A1E7A4F7556}") = "Foundation4", "final\Foundation4\Foundation4.csproj", "{3FA788E6-8666-47FD-8D70-A5D468634965}"
EndProject
Project("{2150E333-8FDC-42A3-9474-1A3956D46DE8}") = "prepare", "prepare", "{545D96D8-A361-4D3E-B028-385529362B70}"
EndProject
Project("{9A19103F-16F7-4668-BE54-9A1E7A4F7556}") = "Learning02", "prepare\Learning02\Learning02.csproj", "{D35BE03D-2901-46A4-B78C-9AC6C974EE84}"
EndProject
Project("{9A19103F-16F7-4668-BE54-9A1E7A4F7556}") = "Learning03", "prepare\Learning03\Learning03.csproj", "{DE5745D2-8FB7-4673-AB76-0A46F74FF9AF}"
EndProject
Project("{9A19103F-16F7-4668-BE54-9A1E7A4F7556}") = "Learning04", "prepare\Learning04\Learning04.csproj", "{88F1C6E5-0A1E-4E7F-984B-229AF95662E6}"
EndProject
Project("{9A19103F-16F7-4668-BE54-9A1E7A4F7556}") = "Learning05", "prepare\Learning05\Learning05.csproj", "{70392C0E-3877-4A96-89AE-D618B9331236}"
EndProject
Project("{2150E333-8FDC-42A3-9474-1A3956D46DE8}") = "prove", "prove", "{BE360329-B418-49DC-9364-644FFC808409}"
EndProject
Project("{9A19103F-16F7-4668-BE54-9A1E7A4F7556}") = "Develop02", "prove\Develop02\Develop02.csproj", "{1C0AEB1B-228A-4CBF-A782-21E753348318}"
EndProject
Project("{9A19103F-16F7-4668-BE54-9A1E7A4F7556}") = "Develop03", "prove\Develop03\Develop03.csproj", "{6D784C72-8110-43E7-BEE3-156B2D8F095E}"
EndProject
Project("{9A19103F-16F7-4668-BE54-9A1E7A4F7556}") = "Develop04", "prove\Develop04\Develop04.csproj", "{F85A45E7-19A6-40EE-A9DA-5AD699BFAEA8}"
EndProject
Project("{9A19103F-16F7-4668-BE54-9A1E7A4F7556}") = "Develop05", "prove\Develop05\Develop05.csproj", "{07B3CACB-4ED4-4A22-9464-E28592969784}"
EndProject
Project("{2150E333-8FDC-42A3-9474-1A3956D46DE8}") = "sandbox", "sandbox", "{C11F4394-6B0D-44AB-A78F-1BC59DD7C2F7}"
EndProject
Project("{9A19103F-16F7-4668-BE54-9A1E7A4F7556}") = "Sandbox", "sandbox\Sandbox\Sandbox.csproj", "{CCAC7FDC-D17A-412E-91D7-E863AED8CDC8}"
EndProject
Global
	GlobalSection(SolutionConfigurationPlatforms) = preSolution
		Debug|Any CPU = Debug|Any CPU
		Release|Any CPU = Release|Any CPU
	EndGlobalSection
	GlobalSection(ProjectConfigurationPlatforms) = postSolution
		{7E7E9E8E-77FF-4479-B631-4AE2D0E0568A}.Debug|Any CPU.ActiveCfg = Debug|Any CPU
		{7E7E9E8E-77FF-4479-B631-4AE2D0E0568A}.Debug|Any CPU.Build.0 = Debug|Any CPU
		{7E7E9E8E-77FF-4479-B631-4AE2D0E0568A}.Release|Any CPU.ActiveCfg = Release|Any CPU
		{7E7E9E8E-77FF-4479-B631-4AE2D0E0568A}.Release|Any CPU.Build.0 = Release|Any CPU
		{BA832956-C283-4C4B-B055-A5818F2CB520}.Debug|Any CPU.ActiveCfg = Debug|Any CPU
		{BA832956-C283-4C4B-B055-A5818F2CB520}.Debug|Any CPU.Build.0 = Debug|Any CPU
		{BA832956-C283-4C4B-B055-A5818F2CB520}.Release|Any CPU.ActiveCfg = Release|Any CPU
		{BA832956-C283-4C4B-B055-A5818F2CB520}.Release|Any CPU.Build.0 = Release|Any CPU
		{280371EF-D4DC-458B-A480-818805755D66}.Debug|Any CPU.ActiveCfg = Debug|Any CPU
		{280371EF-D4DC-458B-A480-818805755D66}.Debug|Any CPU.Build.0 = Debug|Any CPU
		{280371EF-D4DC-458B-A480-818805755D66}.Release|Any CPU.ActiveCfg = Release|Any CPU
		{280371EF-D4DC-458B-A480-818805755D66}.Release|Any CPU.Build.0 = Release|Any CPU
		{9554B4BA-5246-4E0B-BEC6-567753D785C7}.Debug|Any CPU.ActiveCfg = Debug|Any CPU
		{9554B4BA-5246-4E0B-BEC6-567753D785C7}.Debug|Any CPU.Build.0 = Debug|Any CPU
		{9554B4BA-5246-4E0B-BEC6-567753D785C7}.Release|Any CPU.ActiveCfg = Release|Any CPU
		{9554B4BA-5246-4E0B-BEC6-567753D785C7}.Release|Any CPU.Build.0 = Release|Any CPU
		{8125E84B-C351-4C64-B810-9A760E4AC4A8}.Debug|Any CPU.ActiveCfg = Debug|Any CPU
		{8125E84B-C351-4C64-B810-9A760E4AC4A8}.Debug|Any CPU.Build.0 = Debug|Any CPU
		{8125E84B-C351-4C64-B810-9A760E4AC4A8}.Release|Any CPU.ActiveCfg = Release|Any CPU
		{8125E84B-C351-4C64-B810-9A760E4AC4A8}.Release|Any CPU.Build.0 = Release|Any CPU
		{E7995050-0DD5-49DE-830A-A44E62246B8A}.Debug|Any CPU.ActiveCfg = Debug|Any CPU
		{E7995050-0DD5-49DE-830A-A44E62246B8A}.Debug|Any CPU.Build.0 = Debug|Any CPU
		{E7995050-0DD5-49DE-830A-A44E62246B8A}.Release|Any CPU.ActiveCfg = Release|Any CPU
		{E7995050-0DD5-49DE-830A-A44E62246B8A}.Release|Any CPU.Build.0 = Release|Any CPU
		{3A563D33-287B-4930-8528-969220C114F0}.Debug|Any CPU.ActiveCfg = Debug|Any CPU
		{3A563D33-287B-4930-8528-969220C114F0}.Debug|Any CPU.Build.0 = Debug|Any CPU
		{3A563D33-287B-4930-8528-969220C114F0}.Release|Any CPU.ActiveCfg = Release|Any CPU
		{3A563D33-287B-4930-8528-969220C114F0}.Release|Any CPU.Build.0 = Release|Any CPU
		{AFE6BF1D-F0E3-47ED-A509-D53028827015}.Debug|Any CPU.ActiveCfg = Debug|Any CPU
		{AFE6BF1D-F0E3-47ED-A509-D53028827015}.Debug|Any CPU.Build.0 = Debug|Any CPU
		{AFE6BF1D-F0E3-47ED-A509-D53028827015}.Release|Any CPU.ActiveCfg = Release|Any CPU
		{AFE6BF1D-F0E3-47ED-A509-D53028827015}.Release|Any CPU.Build.0 = Release|Any CPU
		{256D30B6-BEBF-42D5-861F-C48153F9BA37}.Debug|Any CPU.ActiveCfg = Debug|Any CPU
		{256D30B6-BEBF-42D5-861F-C48153F9BA37}.Debug|Any CPU.Build.0 = Debug|Any CPU
		{256D30B6-BEBF-42D5-861F-C48153F9BA37}.Release|Any CPU.ActiveCfg = Release|Any CPU
		{256D30B6-BEBF-42D5-861F-C48153F9BA37}.Release|Any CPU.Build.0 = Release|Any CPU
		{3FA788E6-8666-47FD-8D70-A5D468634965}.Debug|Any CPU.ActiveCfg = Debug|Any CPU
		{3FA788E6-8666-47FD-8D70-A5D468634965}.Debug|Any CPU.Build.0 = Debug|Any CPU
		{3FA788E6-8666-47FD-8D70-A5D468634965}.Release|Any CPU.ActiveCfg = Release|Any CPU
		{3FA788E6-8666-47FD-8D70-A5D468634965}.Release|Any CPU.Build.0 = Release|Any CPU
		{D35BE03D-2901-46A4-B78C-9AC6C974EE84}.Debug|Any CPU.ActiveCfg = Debug|Any CPU
		{D35BE03D-2901-46A4-B78C-9AC6C974EE84}.Debug|Any CPU.Build.0 = Debug|Any CPU
		{D35BE03D-2901-46A4-B78C-9AC6C974EE84}.Release|Any CPU.ActiveCfg = Release|Any CPU
		{D35BE03D-2901-46A4-B78C-9AC6C974EE84}.Release|Any CPU.Build.0 = Release|Any CPU
		{DE5745D2-8FB7-4673-AB76-0A46F74FF9AF}.Debug|Any CPU.ActiveCfg = Debug|Any CPU
		{DE5745D2-8FB7-4673-AB76-0A46F74FF9AF}.Debug|Any CPU.Build.0 = Debug|Any CPU
		{DE5745D2-8FB7-4673-AB76-0A46F74FF9AF}.Release|Any CPU.ActiveCfg = Release|Any CPU
		{DE5745D2-8FB7-4673-AB76-0A46F74FF9AF}.Release|Any CPU.Build.0 = Release|Any CPU
		{88F1C6E5-0A1E-4E7F-984B-229AF95662E6}.Debug|Any CPU.ActiveCfg = Debug|Any CPU
		{88F1C6E5-0A1E-4E7F-984B-229AF95662E6}.Debug|Any CPU.Build.0 = Debug|Any CPU
		{88F1C6E5-0A1E-4E7F-984B-229AF95662E6}.Release|Any CPU.ActiveCfg = Release|Any CPU
		{88F1C6E5-0A1E-4E7F-984B-229AF95662E6}.Release|Any CPU.Build.0 = Release|Any CPU
		{70392C0E-3877-4A96-89AE-D618B9331236}.Debug|Any CPU.ActiveCfg = Debug|Any CPU
		{70392C0E-3877-4A96-89AE-D618B9331236}.Debug|Any CPU.Build.0 = Debug|Any CPU
		{70392C0E-3877-4A96-89AE-D618B9331236}.Release|Any CPU.ActiveCfg = Release|Any CPU
		{70392C0E-3877-4A96-89AE-D618B9331236}.Release|Any CPU.Build.0 = Release|Any CPU
		{1C0AEB1B-228A-4CBF-A782-21E753348318}.Debug|Any CPU.ActiveCfg = Debug|Any CPU
		{1C0AEB1B-228A-4CBF-A782-21E753348318}.Debug|Any CPU.Build.0 = Debug|Any CPU
		{1C0AEB1B-228A-4CBF-A782-21E753348318}.Release|Any CPU.ActiveCfg = Release|Any CPU
		{1C0AEB1B-228A-4CBF-A782-21E753348318}.Release|Any CPU.Build.0 = Release|Any CPU
		{6D784C72-8110-43E7-BEE3-156B2D8F095E}.Debug|Any CPU.ActiveCfg = Debug|Any CPU
		{6D784C72-8110-43E7-BEE3-156B2D8F095E}.Debug|Any CPU.Build.0 = Debug|Any CPU
		{6D784C72-8110-43E7-BEE3-156B2D8F095E}.Release|Any CPU.ActiveCfg = Release|Any CPU
		{6D784C72-8110-43E7-BEE3-156B2D8F095E}.Release|Any CPU.Build.0 = Release|Any CPU
		{F85A45E7-19A6-40EE-A9DA-5AD699BFAEA8}.Debug|Any CPU.ActiveCfg = Debug|Any CPU
		{F85A45E7-19A6-40EE-A9DA-5AD699BFAEA8}.Debug|Any CPU.Build.0 = Debug|Any CPU
		{F85A45E7-19A6-40EE-A9DA-5AD699BFAEA8}.Release|Any CPU.ActiveCfg = Release|Any CPU
		{F85A45E7-19A6-40EE-A9DA-5AD699BFAEA8}.Release|Any CPU.Build.0 = Release|Any CPU
		{07B3CACB-4ED4-4A22-9464-E28592969784}.Debug|Any CPU.ActiveCfg = Debug|Any CPU
		{07B3CACB-4ED4-4A22-9464-E28592969784}.Debug|Any CPU.Build.0 = Debug|Any CPU
		{07B3CACB-4ED4-4A22-9464-E28592969784}.Release|Any CPU.ActiveCfg = Release|Any CPU
		{07B3CACB-4ED4-4A22-9464-E28592969784}.Release|Any CPU.Build.0 = Release|Any CPU
		{CCAC7FDC-D17A-412E-91D7-E863AED8CDC8}.Debug|Any CPU.ActiveCfg = Debug|Any CPU
		{CCAC7FDC-D17A-412E-91D7-E863AED8CDC8}.Debug|Any CPU.Build.0 = Debug|Any CPU
		{CCAC7FDC-D17A-412E-91D7-E863AED8CDC8}.Release|Any CPU.ActiveCfg = Release|Any CPU
		{CCAC7FDC-D17A-412E-91D7-E863AED8CDC8}.Release|Any CPU.Build.0 = Release|Any CPU
	EndGlobalSection
	GlobalSection(SolutionProperties) = preSolution
		HideSolutionNode = FALSE
	EndGlobalSection
	GlobalSection(NestedProjects) = preSolution
		{7E7E9E8E-77FF-4479-B631-4AE2D0E0568A} = {C6FF148F-58C1-403A-8C48-82869CB88D92}
		{BA832956-C283-4C4B-B055-A5818F2CB520} = {C6FF148F-58C1-403A-8C48-82869CB88D92}
		{280371EF-D4DC-458B-A480-818805755D66} = {C6FF148F-58C1-403A-8C48-82869CB88D92}
		{9554B4BA-5246-4E0B-BEC6-567753D785C7} = {C6FF148F-58C1-403A-8C48-82869CB88D92}
		{8125E84B-C351-4C64-B810-9A760E4AC4A8} = {C6FF148F-58C1-403A-8C48-82869CB88D92}
		{E7995050-0DD5-49DE-830A-A44E62246B8A} = {92BF59F0-207E-4169-89D8-2180809B7C9A}
		{3A563D33-287B-4930-8528-969220C114F0} = {92BF59F0-207E-4169-89D8-2180809B7C9A}
		{AFE6BF1D-F0E3-47ED-A509-D53028827015} = {92BF59F0-207E-4169-89D8-2180809B7C9A}
		{256D30B6-BEBF-42D5-861F-C48153F9BA37} = {92BF59F0-207E-4169-89D8-2180809B7C9A}
		{3FA788E6-8666-47FD-8D70-A5D468634965} = {92BF59F0-207E-4169-89D8-2180809B7C9A}
		{D35BE03D-2901-46A4-B78C-9AC6C974EE84} = {545D96D8-A361-4D3E-B028-385529362B70}
		{DE5745D2-8FB7-4673-AB76-0A46F74FF9AF} = {545D96D8-A361-4D3E-B028-385529362B70}
		{88F1C6E5-0A1E-4E7F-984B-229AF95662E6} = {545D96D8-A361-4D3E-B028-385529362B70}
		{70392C0E-3877-4A96-89AE-D618B9331236} = {545D96D8-A361-4D3E-B028-385529362B70}
		{1C0AEB1B-228A-4CBF-A782-21E753348318} = {BE360329-B418-49DC-9364-644FFC808409}
		{6D784C72-8110-43E7-BEE3-156B2D8F095E} = {BE360329-B418-49DC-9364-644FFC808409}
		{F85A45E7-19A6-40EE-A9DA-5AD699BFAEA8} = {BE360329-B418-49DC-9364-644FFC808409}
		{07B3CACB-4ED4-4A22-9464-E28592969784} = {BE360329-B418-49DC-9364-644FFC808409}
		{CCAC7FDC-D17A-412E-91D7-E863AED8CDC8} = {C11F4394-6B0D-44AB-A78F-1BC59DD7C2F7}
	EndGlobalSection
	GlobalSection(ExtensibilityGlobals) = postSolution
		SolutionGuid = {703E3F20-5776-43A0-A1E2-AE2707159249}
	EndGlobalSection
EndGlobal
